
Microsoft Visual Studio Solution File, Format Version 12.00
# Visual Studio Version 16
VisualStudioVersion = 16.0.30717.126
MinimumVisualStudioVersion = 10.0.40219.1
Project("{8BC9CEB8-8B4A-11D0-8D11-00A0C91BC942}") = "InjectionLibrary", "InjectionLibrary.vcxproj", "{5DF1A01D-5A2C-4A73-A47F-6A1B09452A3D}"
EndProject
Project("{8BC9CEB8-8B4A-11D0-8D11-00A0C91BC942}") = "InvokableApplication", "..\InvokableApplication\InvokableApplication.vcxproj", "{3AA28129-E19A-432F-883C-36ACCC1C9474}"
EndProject
Global
	GlobalSection(SolutionConfigurationPlatforms) = preSolution
		Debug|x64 = Debug|x64
		Debug|x86 = Debug|x86
		Release|x64 = Release|x64
		Release|x86 = Release|x86
	EndGlobalSection
	GlobalSection(ProjectConfigurationPlatforms) = postSolution
		{5DF1A01D-5A2C-4A73-A47F-6A1B09452A3D}.Debug|x64.ActiveCfg = Debug|x64
		{5DF1A01D-5A2C-4A73-A47F-6A1B09452A3D}.Debug|x64.Build.0 = Debug|x64
		{5DF1A01D-5A2C-4A73-A47F-6A1B09452A3D}.Debug|x86.ActiveCfg = Debug|Win32
		{5DF1A01D-5A2C-4A73-A47F-6A1B09452A3D}.Debug|x86.Build.0 = Debug|Win32
		{5DF1A01D-5A2C-4A73-A47F-6A1B09452A3D}.Release|x64.ActiveCfg = Release|x64
		{5DF1A01D-5A2C-4A73-A47F-6A1B09452A3D}.Release|x64.Build.0 = Release|x64
		{5DF1A01D-5A2C-4A73-A47F-6A1B09452A3D}.Release|x86.ActiveCfg = Release|Win32
		{5DF1A01D-5A2C-4A73-A47F-6A1B09452A3D}.Release|x86.Build.0 = Release|Win32
		{3AA28129-E19A-432F-883C-36ACCC1C9474}.Debug|x64.ActiveCfg = Debug|x64
		{3AA28129-E19A-432F-883C-36ACCC1C9474}.Debug|x64.Build.0 = Debug|x64
		{3AA28129-E19A-432F-883C-36ACCC1C9474}.Debug|x86.ActiveCfg = Debug|Win32
		{3AA28129-E19A-432F-883C-36ACCC1C9474}.Debug|x86.Build.0 = Debug|Win32
		{3AA28129-E19A-432F-883C-36ACCC1C9474}.Release|x64.ActiveCfg = Release|x64
		{3AA28129-E19A-432F-883C-36ACCC1C9474}.Release|x64.Build.0 = Release|x64
		{3AA28129-E19A-432F-883C-36ACCC1C9474}.Release|x86.ActiveCfg = Release|Win32
		{3AA28129-E19A-432F-883C-36ACCC1C9474}.Release|x86.Build.0 = Release|Win32
	EndGlobalSection
	GlobalSection(SolutionProperties) = preSolution
		HideSolutionNode = FALSE
	EndGlobalSection
	GlobalSection(ExtensibilityGlobals) = postSolution
		SolutionGuid = {9FFAF8F4-2605-4BEC-AEA5-2AD3560446A8}
	EndGlobalSection
EndGlobal
